{
  "originHash" : "4b1ea2d0513f5d0e63f8f033da15f0f04ec5f318fa5f913957367af19cbe9886",
  "pins" : [
    {
      "identity" : "ios-positioning-pod",
      "kind" : "remoteSourceControl",
      "location" : "https://github.com/poiteam/ios-positioning-pod.git",
      "state" : {
        "revision" : "ee243e65fab54656c8ab3c879a5174540f504c88",
        "version" : "1.2.0"
      }
    },
    {
      "identity" : "ios-sdk-analytics-pod",
      "kind" : "remoteSourceControl",
      "location" : "https://github.com/poiteam/ios-sdk-analytics-pod.git",
      "state" : {
        "revision" : "f23d9063ee3766288982f6c6bcccfec76f3b2abb",
        "version" : "1.0.15"
      }
    },
    {
      "identity" : "ios-vd-navigation-pod",
      "kind" : "remoteSourceControl",
      "location" : "https://github.com/poiteam/ios-vd-navigation-pod.git",
      "state" : {
        "revision" : "56660e66f59ca5dcbd55535690de4ce7bbeb8f9c",
        "version" : "7.2.2"
      }
    },
    {
      "identity" : "poilabscorepod",
      "kind" : "remoteSourceControl",
      "location" : "https://github.com/poiteam/PoilabsCorePod.git",
      "state" : {
        "revision" : "d0df3fb1ff93da23921ee4ab9f9adfc50841e432",
        "version" : "1.0.17"
      }
    }
  ],
  "version" : 3
}
